
Microsoft Visual Studio Solution File, Format Version 12.00
# Visual Studio Version 16
VisualStudioVersion = 16.0.30717.126
MinimumVisualStudioVersion = 10.0.40219.1
Project("{FAE04EC0-301F-11D3-BF4B-00C04F79EFBC}") = "CADPhoneCaseUI", "CADPhoneCaseUI\CADPhoneCaseUI.csproj", "{54652F5B-B3C0-4992-92FD-2D5283756573}"
	ProjectSection(ProjectDependencies) = postProject
		{88D02C34-05D2-44EA-BF15-77BD303D9181} = {88D02C34-05D2-44EA-BF15-77BD303D9181}
	EndProjectSection
EndProject
Project("{FAE04EC0-301F-11D3-BF4B-00C04F79EFBC}") = "CADPhoneCase", "CADPhoneCase\CADPhoneCase.csproj", "{88D02C34-05D2-44EA-BF15-77BD303D9181}"
EndProject
Global
	GlobalSection(SolutionConfigurationPlatforms) = preSolution
		Debug|Any CPU = Debug|Any CPU
		Release|Any CPU = Release|Any CPU
	EndGlobalSection
	GlobalSection(ProjectConfigurationPlatforms) = postSolution
		{54652F5B-B3C0-4992-92FD-2D5283756573}.Debug|Any CPU.ActiveCfg = Debug|Any CPU
		{54652F5B-B3C0-4992-92FD-2D5283756573}.Debug|Any CPU.Build.0 = Debug|Any CPU
		{54652F5B-B3C0-4992-92FD-2D5283756573}.Release|Any CPU.ActiveCfg = Release|Any CPU
		{54652F5B-B3C0-4992-92FD-2D5283756573}.Release|Any CPU.Build.0 = Release|Any CPU
		{88D02C34-05D2-44EA-BF15-77BD303D9181}.Debug|Any CPU.ActiveCfg = Debug|Any CPU
		{88D02C34-05D2-44EA-BF15-77BD303D9181}.Debug|Any CPU.Build.0 = Debug|Any CPU
		{88D02C34-05D2-44EA-BF15-77BD303D9181}.Release|Any CPU.ActiveCfg = Release|Any CPU
		{88D02C34-05D2-44EA-BF15-77BD303D9181}.Release|Any CPU.Build.0 = Release|Any CPU
	EndGlobalSection
	GlobalSection(SolutionProperties) = preSolution
		HideSolutionNode = FALSE
	EndGlobalSection
	GlobalSection(ExtensibilityGlobals) = postSolution
		SolutionGuid = {5577EE3A-5542-4A3A-9056-86183359CC85}
	EndGlobalSection
EndGlobal
